
Microsoft Visual Studio Solution File, Format Version 12.00
# Visual Studio 2012
Project("{FAE04EC0-301F-11D3-BF4B-00C04F79EFBC}") = "TestFlightSampleApp", "TestFlightSampleApp\TestFlightSampleApp.csproj", "{5B232F4D-DDB2-4F25-ADAC-FAA07D3207DA}"
EndProject
Project("{FAE04EC0-301F-11D3-BF4B-00C04F79EFBC}") = "TestFlightBindings", "TestFlightBindings\TestFlightBindings.csproj", "{40566D7B-589F-4B3F-AF87-9CFA7A6EE91B}"
EndProject
Global
	GlobalSection(SolutionConfigurationPlatforms) = preSolution
		Debug|Any CPU = Debug|Any CPU
		Release|Any CPU = Release|Any CPU
	EndGlobalSection
	GlobalSection(ProjectConfigurationPlatforms) = postSolution
		{5B232F4D-DDB2-4F25-ADAC-FAA07D3207DA}.Debug|Any CPU.ActiveCfg = Debug|Any CPU
		{5B232F4D-DDB2-4F25-ADAC-FAA07D3207DA}.Debug|Any CPU.Build.0 = Debug|Any CPU
		{5B232F4D-DDB2-4F25-ADAC-FAA07D3207DA}.Debug|Any CPU.Deploy.0 = Debug|Any CPU
		{5B232F4D-DDB2-4F25-ADAC-FAA07D3207DA}.Release|Any CPU.ActiveCfg = Release|Any CPU
		{5B232F4D-DDB2-4F25-ADAC-FAA07D3207DA}.Release|Any CPU.Build.0 = Release|Any CPU
		{5B232F4D-DDB2-4F25-ADAC-FAA07D3207DA}.Release|Any CPU.Deploy.0 = Release|Any CPU
		{40566D7B-589F-4B3F-AF87-9CFA7A6EE91B}.Debug|Any CPU.ActiveCfg = Debug|Any CPU
		{40566D7B-589F-4B3F-AF87-9CFA7A6EE91B}.Debug|Any CPU.Build.0 = Debug|Any CPU
		{40566D7B-589F-4B3F-AF87-9CFA7A6EE91B}.Release|Any CPU.ActiveCfg = Release|Any CPU
		{40566D7B-589F-4B3F-AF87-9CFA7A6EE91B}.Release|Any CPU.Build.0 = Release|Any CPU
	EndGlobalSection
	GlobalSection(SolutionProperties) = preSolution
		HideSolutionNode = FALSE
	EndGlobalSection
EndGlobal
